
Microsoft Visual Studio Solution File, Format Version 12.00
# Visual Studio 14
VisualStudioVersion = 14.0.25420.1
MinimumVisualStudioVersion = 10.0.40219.1
Project("{FAE04EC0-301F-11D3-BF4B-00C04F79EFBC}") = "MediBalance", "MediBalance\MediBalance.csproj", "{E7DA3A14-DBDC-41AA-94FD-395FD2E41EBA}"
EndProject
Project("{FAE04EC0-301F-11D3-BF4B-00C04F79EFBC}") = "KinectEnvironment", "KinectEnvironment\KinectEnvironment.csproj", "{B9297C8F-983F-40FF-ADFD-A963018D6AA2}"
EndProject
Project("{FAE04EC0-301F-11D3-BF4B-00C04F79EFBC}") = "WiiBalanceWalker", "WiiBalanceWalker\WiiBalanceWalker.csproj", "{6BAAAAB3-54E0-4D21-A891-1CD69CEB36AF}"
EndProject
Global
	GlobalSection(SolutionConfigurationPlatforms) = preSolution
		Debug|Any CPU = Debug|Any CPU
		Debug|ARM = Debug|ARM
		Debug|x64 = Debug|x64
		Debug|x86 = Debug|x86
		Release|Any CPU = Release|Any CPU
		Release|ARM = Release|ARM
		Release|x64 = Release|x64
		Release|x86 = Release|x86
	EndGlobalSection
	GlobalSection(ProjectConfigurationPlatforms) = postSolution
		{E7DA3A14-DBDC-41AA-94FD-395FD2E41EBA}.Debug|Any CPU.ActiveCfg = Debug|x86
		{E7DA3A14-DBDC-41AA-94FD-395FD2E41EBA}.Debug|ARM.ActiveCfg = Debug|ARM
		{E7DA3A14-DBDC-41AA-94FD-395FD2E41EBA}.Debug|ARM.Build.0 = Debug|ARM
		{E7DA3A14-DBDC-41AA-94FD-395FD2E41EBA}.Debug|ARM.Deploy.0 = Debug|ARM
		{E7DA3A14-DBDC-41AA-94FD-395FD2E41EBA}.Debug|x64.ActiveCfg = Debug|x64
		{E7DA3A14-DBDC-41AA-94FD-395FD2E41EBA}.Debug|x64.Build.0 = Debug|x64
		{E7DA3A14-DBDC-41AA-94FD-395FD2E41EBA}.Debug|x64.Deploy.0 = Debug|x64
		{E7DA3A14-DBDC-41AA-94FD-395FD2E41EBA}.Debug|x86.ActiveCfg = Debug|x86
		{E7DA3A14-DBDC-41AA-94FD-395FD2E41EBA}.Debug|x86.Build.0 = Debug|x86
		{E7DA3A14-DBDC-41AA-94FD-395FD2E41EBA}.Debug|x86.Deploy.0 = Debug|x86
		{E7DA3A14-DBDC-41AA-94FD-395FD2E41EBA}.Release|Any CPU.ActiveCfg = Release|x86
		{E7DA3A14-DBDC-41AA-94FD-395FD2E41EBA}.Release|ARM.ActiveCfg = Release|ARM
		{E7DA3A14-DBDC-41AA-94FD-395FD2E41EBA}.Release|ARM.Build.0 = Release|ARM
		{E7DA3A14-DBDC-41AA-94FD-395FD2E41EBA}.Release|ARM.Deploy.0 = Release|ARM
		{E7DA3A14-DBDC-41AA-94FD-395FD2E41EBA}.Release|x64.ActiveCfg = Release|x64
		{E7DA3A14-DBDC-41AA-94FD-395FD2E41EBA}.Release|x64.Build.0 = Release|x64
		{E7DA3A14-DBDC-41AA-94FD-395FD2E41EBA}.Release|x64.Deploy.0 = Release|x64
		{E7DA3A14-DBDC-41AA-94FD-395FD2E41EBA}.Release|x86.ActiveCfg = Release|x86
		{E7DA3A14-DBDC-41AA-94FD-395FD2E41EBA}.Release|x86.Build.0 = Release|x86
		{E7DA3A14-DBDC-41AA-94FD-395FD2E41EBA}.Release|x86.Deploy.0 = Release|x86
		{B9297C8F-983F-40FF-ADFD-A963018D6AA2}.Debug|Any CPU.ActiveCfg = Debug|Any CPU
		{B9297C8F-983F-40FF-ADFD-A963018D6AA2}.Debug|Any CPU.Build.0 = Debug|Any CPU
		{B9297C8F-983F-40FF-ADFD-A963018D6AA2}.Debug|ARM.ActiveCfg = Debug|Any CPU
		{B9297C8F-983F-40FF-ADFD-A963018D6AA2}.Debug|ARM.Build.0 = Debug|Any CPU
		{B9297C8F-983F-40FF-ADFD-A963018D6AA2}.Debug|x64.ActiveCfg = Debug|Any CPU
		{B9297C8F-983F-40FF-ADFD-A963018D6AA2}.Debug|x64.Build.0 = Debug|Any CPU
		{B9297C8F-983F-40FF-ADFD-A963018D6AA2}.Debug|x86.ActiveCfg = Debug|Any CPU
		{B9297C8F-983F-40FF-ADFD-A963018D6AA2}.Debug|x86.Build.0 = Debug|Any CPU
		{B9297C8F-983F-40FF-ADFD-A963018D6AA2}.Release|Any CPU.ActiveCfg = Release|Any CPU
		{B9297C8F-983F-40FF-ADFD-A963018D6AA2}.Release|Any CPU.Build.0 = Release|Any CPU
		{B9297C8F-983F-40FF-ADFD-A963018D6AA2}.Release|ARM.ActiveCfg = Release|Any CPU
		{B9297C8F-983F-40FF-ADFD-A963018D6AA2}.Release|ARM.Build.0 = Release|Any CPU
		{B9297C8F-983F-40FF-ADFD-A963018D6AA2}.Release|x64.ActiveCfg = Release|Any CPU
		{B9297C8F-983F-40FF-ADFD-A963018D6AA2}.Release|x64.Build.0 = Release|Any CPU
		{B9297C8F-983F-40FF-ADFD-A963018D6AA2}.Release|x86.ActiveCfg = Release|Any CPU
		{B9297C8F-983F-40FF-ADFD-A963018D6AA2}.Release|x86.Build.0 = Release|Any CPU
		{6BAAAAB3-54E0-4D21-A891-1CD69CEB36AF}.Debug|Any CPU.ActiveCfg = Debug|Any CPU
		{6BAAAAB3-54E0-4D21-A891-1CD69CEB36AF}.Debug|Any CPU.Build.0 = Debug|Any CPU
		{6BAAAAB3-54E0-4D21-A891-1CD69CEB36AF}.Debug|ARM.ActiveCfg = Debug|Any CPU
		{6BAAAAB3-54E0-4D21-A891-1CD69CEB36AF}.Debug|ARM.Build.0 = Debug|Any CPU
		{6BAAAAB3-54E0-4D21-A891-1CD69CEB36AF}.Debug|x64.ActiveCfg = Debug|Any CPU
		{6BAAAAB3-54E0-4D21-A891-1CD69CEB36AF}.Debug|x64.Build.0 = Debug|Any CPU
		{6BAAAAB3-54E0-4D21-A891-1CD69CEB36AF}.Debug|x86.ActiveCfg = Debug|x86
		{6BAAAAB3-54E0-4D21-A891-1CD69CEB36AF}.Debug|x86.Build.0 = Debug|x86
		{6BAAAAB3-54E0-4D21-A891-1CD69CEB36AF}.Release|Any CPU.ActiveCfg = Release|Any CPU
		{6BAAAAB3-54E0-4D21-A891-1CD69CEB36AF}.Release|Any CPU.Build.0 = Release|Any CPU
		{6BAAAAB3-54E0-4D21-A891-1CD69CEB36AF}.Release|ARM.ActiveCfg = Release|Any CPU
		{6BAAAAB3-54E0-4D21-A891-1CD69CEB36AF}.Release|ARM.Build.0 = Release|Any CPU
		{6BAAAAB3-54E0-4D21-A891-1CD69CEB36AF}.Release|x64.ActiveCfg = Release|Any CPU
		{6BAAAAB3-54E0-4D21-A891-1CD69CEB36AF}.Release|x64.Build.0 = Release|Any CPU
		{6BAAAAB3-54E0-4D21-A891-1CD69CEB36AF}.Release|x86.ActiveCfg = Release|x86
		{6BAAAAB3-54E0-4D21-A891-1CD69CEB36AF}.Release|x86.Build.0 = Release|x86
	EndGlobalSection
	GlobalSection(SolutionProperties) = preSolution
		HideSolutionNode = FALSE
	EndGlobalSection
EndGlobal
