
Microsoft Visual Studio Solution File, Format Version 12.00
# Visual Studio 15
VisualStudioVersion = 15.0.26228.9
MinimumVisualStudioVersion = 10.0.40219.1
Project("{FAE04EC0-301F-11D3-BF4B-00C04F79EFBC}") = "KinectEnvironment", "KinectEnvironment\KinectEnvironment.csproj", "{B9297C8F-983F-40FF-ADFD-A963018D6AA2}"
EndProject
Project("{FAE04EC0-301F-11D3-BF4B-00C04F79EFBC}") = "MSBand", "MSBand\MSBand.csproj", "{E7DA3A14-DBDC-41AA-94FD-395FD2E41EBA}"
EndProject
Project("{FAE04EC0-301F-11D3-BF4B-00C04F79EFBC}") = "BackEnd", "BackEnd\BackEnd.csproj", "{98DFC8D5-FE80-4527-87F6-FA0DBFD0B0AC}"
EndProject
Project("{FAE04EC0-301F-11D3-BF4B-00C04F79EFBC}") = "Tunnel", "Tunnel\Tunnel.csproj", "{45ED531E-0846-4204-B8D8-19C634234E85}"
EndProject
Project("{FAE04EC0-301F-11D3-BF4B-00C04F79EFBC}") = "FrontEndUIRedux", "FrontEndUIRedux\FrontEndUIRedux.csproj", "{531C041A-75D1-48BB-BAEC-364217D00029}"
EndProject
Project("{FAE04EC0-301F-11D3-BF4B-00C04F79EFBC}") = "BalanceBoard", "BalanceBoard\BalanceBoard.csproj", "{AB2DA948-6CE3-42C3-A347-9B5235961486}"
EndProject
Project("{FAE04EC0-301F-11D3-BF4B-00C04F79EFBC}") = "SharedLibraries", "SharedLibraries\SharedLibraries.csproj", "{9955FCCB-37BC-4C7C-A78A-C3C0F0C989B2}"
EndProject
Global
	GlobalSection(SolutionConfigurationPlatforms) = preSolution
		Debug|Any CPU = Debug|Any CPU
		Debug|ARM = Debug|ARM
		Debug|x64 = Debug|x64
		Debug|x86 = Debug|x86
		Release|Any CPU = Release|Any CPU
		Release|ARM = Release|ARM
		Release|x64 = Release|x64
		Release|x86 = Release|x86
	EndGlobalSection
	GlobalSection(ProjectConfigurationPlatforms) = postSolution
		{B9297C8F-983F-40FF-ADFD-A963018D6AA2}.Debug|Any CPU.ActiveCfg = Debug|Any CPU
		{B9297C8F-983F-40FF-ADFD-A963018D6AA2}.Debug|Any CPU.Build.0 = Debug|Any CPU
		{B9297C8F-983F-40FF-ADFD-A963018D6AA2}.Debug|ARM.ActiveCfg = Debug|Any CPU
		{B9297C8F-983F-40FF-ADFD-A963018D6AA2}.Debug|ARM.Build.0 = Debug|Any CPU
		{B9297C8F-983F-40FF-ADFD-A963018D6AA2}.Debug|x64.ActiveCfg = Debug|Any CPU
		{B9297C8F-983F-40FF-ADFD-A963018D6AA2}.Debug|x64.Build.0 = Debug|Any CPU
		{B9297C8F-983F-40FF-ADFD-A963018D6AA2}.Debug|x86.ActiveCfg = Debug|Any CPU
		{B9297C8F-983F-40FF-ADFD-A963018D6AA2}.Debug|x86.Build.0 = Debug|Any CPU
		{B9297C8F-983F-40FF-ADFD-A963018D6AA2}.Release|Any CPU.ActiveCfg = Release|Any CPU
		{B9297C8F-983F-40FF-ADFD-A963018D6AA2}.Release|Any CPU.Build.0 = Release|Any CPU
		{B9297C8F-983F-40FF-ADFD-A963018D6AA2}.Release|ARM.ActiveCfg = Release|Any CPU
		{B9297C8F-983F-40FF-ADFD-A963018D6AA2}.Release|ARM.Build.0 = Release|Any CPU
		{B9297C8F-983F-40FF-ADFD-A963018D6AA2}.Release|x64.ActiveCfg = Release|Any CPU
		{B9297C8F-983F-40FF-ADFD-A963018D6AA2}.Release|x64.Build.0 = Release|Any CPU
		{B9297C8F-983F-40FF-ADFD-A963018D6AA2}.Release|x86.ActiveCfg = Release|Any CPU
		{B9297C8F-983F-40FF-ADFD-A963018D6AA2}.Release|x86.Build.0 = Release|Any CPU
		{E7DA3A14-DBDC-41AA-94FD-395FD2E41EBA}.Debug|Any CPU.ActiveCfg = Debug|x86
		{E7DA3A14-DBDC-41AA-94FD-395FD2E41EBA}.Debug|ARM.ActiveCfg = Debug|ARM
		{E7DA3A14-DBDC-41AA-94FD-395FD2E41EBA}.Debug|ARM.Build.0 = Debug|ARM
		{E7DA3A14-DBDC-41AA-94FD-395FD2E41EBA}.Debug|ARM.Deploy.0 = Debug|ARM
		{E7DA3A14-DBDC-41AA-94FD-395FD2E41EBA}.Debug|x64.ActiveCfg = Debug|x64
		{E7DA3A14-DBDC-41AA-94FD-395FD2E41EBA}.Debug|x64.Build.0 = Debug|x64
		{E7DA3A14-DBDC-41AA-94FD-395FD2E41EBA}.Debug|x64.Deploy.0 = Debug|x64
		{E7DA3A14-DBDC-41AA-94FD-395FD2E41EBA}.Debug|x86.ActiveCfg = Debug|x86
		{E7DA3A14-DBDC-41AA-94FD-395FD2E41EBA}.Debug|x86.Build.0 = Debug|x86
		{E7DA3A14-DBDC-41AA-94FD-395FD2E41EBA}.Debug|x86.Deploy.0 = Debug|x86
		{E7DA3A14-DBDC-41AA-94FD-395FD2E41EBA}.Release|Any CPU.ActiveCfg = Release|x86
		{E7DA3A14-DBDC-41AA-94FD-395FD2E41EBA}.Release|ARM.ActiveCfg = Release|ARM
		{E7DA3A14-DBDC-41AA-94FD-395FD2E41EBA}.Release|ARM.Build.0 = Release|ARM
		{E7DA3A14-DBDC-41AA-94FD-395FD2E41EBA}.Release|ARM.Deploy.0 = Release|ARM
		{E7DA3A14-DBDC-41AA-94FD-395FD2E41EBA}.Release|x64.ActiveCfg = Release|x64
		{E7DA3A14-DBDC-41AA-94FD-395FD2E41EBA}.Release|x64.Build.0 = Release|x64
		{E7DA3A14-DBDC-41AA-94FD-395FD2E41EBA}.Release|x64.Deploy.0 = Release|x64
		{E7DA3A14-DBDC-41AA-94FD-395FD2E41EBA}.Release|x86.ActiveCfg = Release|x86
		{E7DA3A14-DBDC-41AA-94FD-395FD2E41EBA}.Release|x86.Build.0 = Release|x86
		{E7DA3A14-DBDC-41AA-94FD-395FD2E41EBA}.Release|x86.Deploy.0 = Release|x86
		{98DFC8D5-FE80-4527-87F6-FA0DBFD0B0AC}.Debug|Any CPU.ActiveCfg = Debug|Any CPU
		{98DFC8D5-FE80-4527-87F6-FA0DBFD0B0AC}.Debug|Any CPU.Build.0 = Debug|Any CPU
		{98DFC8D5-FE80-4527-87F6-FA0DBFD0B0AC}.Debug|ARM.ActiveCfg = Debug|Any CPU
		{98DFC8D5-FE80-4527-87F6-FA0DBFD0B0AC}.Debug|ARM.Build.0 = Debug|Any CPU
		{98DFC8D5-FE80-4527-87F6-FA0DBFD0B0AC}.Debug|x64.ActiveCfg = Debug|Any CPU
		{98DFC8D5-FE80-4527-87F6-FA0DBFD0B0AC}.Debug|x64.Build.0 = Debug|Any CPU
		{98DFC8D5-FE80-4527-87F6-FA0DBFD0B0AC}.Debug|x86.ActiveCfg = Debug|Any CPU
		{98DFC8D5-FE80-4527-87F6-FA0DBFD0B0AC}.Debug|x86.Build.0 = Debug|Any CPU
		{98DFC8D5-FE80-4527-87F6-FA0DBFD0B0AC}.Release|Any CPU.ActiveCfg = Release|Any CPU
		{98DFC8D5-FE80-4527-87F6-FA0DBFD0B0AC}.Release|Any CPU.Build.0 = Release|Any CPU
		{98DFC8D5-FE80-4527-87F6-FA0DBFD0B0AC}.Release|ARM.ActiveCfg = Release|Any CPU
		{98DFC8D5-FE80-4527-87F6-FA0DBFD0B0AC}.Release|ARM.Build.0 = Release|Any CPU
		{98DFC8D5-FE80-4527-87F6-FA0DBFD0B0AC}.Release|x64.ActiveCfg = Release|Any CPU
		{98DFC8D5-FE80-4527-87F6-FA0DBFD0B0AC}.Release|x64.Build.0 = Release|Any CPU
		{98DFC8D5-FE80-4527-87F6-FA0DBFD0B0AC}.Release|x86.ActiveCfg = Release|Any CPU
		{98DFC8D5-FE80-4527-87F6-FA0DBFD0B0AC}.Release|x86.Build.0 = Release|Any CPU
		{45ED531E-0846-4204-B8D8-19C634234E85}.Debug|Any CPU.ActiveCfg = Debug|Any CPU
		{45ED531E-0846-4204-B8D8-19C634234E85}.Debug|Any CPU.Build.0 = Debug|Any CPU
		{45ED531E-0846-4204-B8D8-19C634234E85}.Debug|ARM.ActiveCfg = Debug|Any CPU
		{45ED531E-0846-4204-B8D8-19C634234E85}.Debug|ARM.Build.0 = Debug|Any CPU
		{45ED531E-0846-4204-B8D8-19C634234E85}.Debug|x64.ActiveCfg = Debug|Any CPU
		{45ED531E-0846-4204-B8D8-19C634234E85}.Debug|x64.Build.0 = Debug|Any CPU
		{45ED531E-0846-4204-B8D8-19C634234E85}.Debug|x86.ActiveCfg = Debug|Any CPU
		{45ED531E-0846-4204-B8D8-19C634234E85}.Debug|x86.Build.0 = Debug|Any CPU
		{45ED531E-0846-4204-B8D8-19C634234E85}.Release|Any CPU.ActiveCfg = Release|Any CPU
		{45ED531E-0846-4204-B8D8-19C634234E85}.Release|Any CPU.Build.0 = Release|Any CPU
		{45ED531E-0846-4204-B8D8-19C634234E85}.Release|ARM.ActiveCfg = Release|Any CPU
		{45ED531E-0846-4204-B8D8-19C634234E85}.Release|ARM.Build.0 = Release|Any CPU
		{45ED531E-0846-4204-B8D8-19C634234E85}.Release|x64.ActiveCfg = Release|Any CPU
		{45ED531E-0846-4204-B8D8-19C634234E85}.Release|x64.Build.0 = Release|Any CPU
		{45ED531E-0846-4204-B8D8-19C634234E85}.Release|x86.ActiveCfg = Release|Any CPU
		{45ED531E-0846-4204-B8D8-19C634234E85}.Release|x86.Build.0 = Release|Any CPU
		{531C041A-75D1-48BB-BAEC-364217D00029}.Debug|Any CPU.ActiveCfg = Debug|Any CPU
		{531C041A-75D1-48BB-BAEC-364217D00029}.Debug|Any CPU.Build.0 = Debug|Any CPU
		{531C041A-75D1-48BB-BAEC-364217D00029}.Debug|ARM.ActiveCfg = Debug|Any CPU
		{531C041A-75D1-48BB-BAEC-364217D00029}.Debug|ARM.Build.0 = Debug|Any CPU
		{531C041A-75D1-48BB-BAEC-364217D00029}.Debug|x64.ActiveCfg = Debug|Any CPU
		{531C041A-75D1-48BB-BAEC-364217D00029}.Debug|x64.Build.0 = Debug|Any CPU
		{531C041A-75D1-48BB-BAEC-364217D00029}.Debug|x86.ActiveCfg = Debug|Any CPU
		{531C041A-75D1-48BB-BAEC-364217D00029}.Debug|x86.Build.0 = Debug|Any CPU
		{531C041A-75D1-48BB-BAEC-364217D00029}.Release|Any CPU.ActiveCfg = Release|Any CPU
		{531C041A-75D1-48BB-BAEC-364217D00029}.Release|Any CPU.Build.0 = Release|Any CPU
		{531C041A-75D1-48BB-BAEC-364217D00029}.Release|ARM.ActiveCfg = Release|Any CPU
		{531C041A-75D1-48BB-BAEC-364217D00029}.Release|ARM.Build.0 = Release|Any CPU
		{531C041A-75D1-48BB-BAEC-364217D00029}.Release|x64.ActiveCfg = Release|Any CPU
		{531C041A-75D1-48BB-BAEC-364217D00029}.Release|x64.Build.0 = Release|Any CPU
		{531C041A-75D1-48BB-BAEC-364217D00029}.Release|x86.ActiveCfg = Release|Any CPU
		{531C041A-75D1-48BB-BAEC-364217D00029}.Release|x86.Build.0 = Release|Any CPU
		{AB2DA948-6CE3-42C3-A347-9B5235961486}.Debug|Any CPU.ActiveCfg = Debug|Any CPU
		{AB2DA948-6CE3-42C3-A347-9B5235961486}.Debug|Any CPU.Build.0 = Debug|Any CPU
		{AB2DA948-6CE3-42C3-A347-9B5235961486}.Debug|ARM.ActiveCfg = Debug|Any CPU
		{AB2DA948-6CE3-42C3-A347-9B5235961486}.Debug|ARM.Build.0 = Debug|Any CPU
		{AB2DA948-6CE3-42C3-A347-9B5235961486}.Debug|x64.ActiveCfg = Debug|Any CPU
		{AB2DA948-6CE3-42C3-A347-9B5235961486}.Debug|x64.Build.0 = Debug|Any CPU
		{AB2DA948-6CE3-42C3-A347-9B5235961486}.Debug|x86.ActiveCfg = Debug|Any CPU
		{AB2DA948-6CE3-42C3-A347-9B5235961486}.Debug|x86.Build.0 = Debug|Any CPU
		{AB2DA948-6CE3-42C3-A347-9B5235961486}.Release|Any CPU.ActiveCfg = Release|Any CPU
		{AB2DA948-6CE3-42C3-A347-9B5235961486}.Release|Any CPU.Build.0 = Release|Any CPU
		{AB2DA948-6CE3-42C3-A347-9B5235961486}.Release|ARM.ActiveCfg = Release|Any CPU
		{AB2DA948-6CE3-42C3-A347-9B5235961486}.Release|ARM.Build.0 = Release|Any CPU
		{AB2DA948-6CE3-42C3-A347-9B5235961486}.Release|x64.ActiveCfg = Release|Any CPU
		{AB2DA948-6CE3-42C3-A347-9B5235961486}.Release|x64.Build.0 = Release|Any CPU
		{AB2DA948-6CE3-42C3-A347-9B5235961486}.Release|x86.ActiveCfg = Release|Any CPU
		{AB2DA948-6CE3-42C3-A347-9B5235961486}.Release|x86.Build.0 = Release|Any CPU
		{9955FCCB-37BC-4C7C-A78A-C3C0F0C989B2}.Debug|Any CPU.ActiveCfg = Debug|Any CPU
		{9955FCCB-37BC-4C7C-A78A-C3C0F0C989B2}.Debug|Any CPU.Build.0 = Debug|Any CPU
		{9955FCCB-37BC-4C7C-A78A-C3C0F0C989B2}.Debug|ARM.ActiveCfg = Debug|Any CPU
		{9955FCCB-37BC-4C7C-A78A-C3C0F0C989B2}.Debug|ARM.Build.0 = Debug|Any CPU
		{9955FCCB-37BC-4C7C-A78A-C3C0F0C989B2}.Debug|x64.ActiveCfg = Debug|Any CPU
		{9955FCCB-37BC-4C7C-A78A-C3C0F0C989B2}.Debug|x64.Build.0 = Debug|Any CPU
		{9955FCCB-37BC-4C7C-A78A-C3C0F0C989B2}.Debug|x86.ActiveCfg = Debug|Any CPU
		{9955FCCB-37BC-4C7C-A78A-C3C0F0C989B2}.Debug|x86.Build.0 = Debug|Any CPU
		{9955FCCB-37BC-4C7C-A78A-C3C0F0C989B2}.Release|Any CPU.ActiveCfg = Release|Any CPU
		{9955FCCB-37BC-4C7C-A78A-C3C0F0C989B2}.Release|Any CPU.Build.0 = Release|Any CPU
		{9955FCCB-37BC-4C7C-A78A-C3C0F0C989B2}.Release|ARM.ActiveCfg = Release|Any CPU
		{9955FCCB-37BC-4C7C-A78A-C3C0F0C989B2}.Release|ARM.Build.0 = Release|Any CPU
		{9955FCCB-37BC-4C7C-A78A-C3C0F0C989B2}.Release|x64.ActiveCfg = Release|Any CPU
		{9955FCCB-37BC-4C7C-A78A-C3C0F0C989B2}.Release|x64.Build.0 = Release|Any CPU
		{9955FCCB-37BC-4C7C-A78A-C3C0F0C989B2}.Release|x86.ActiveCfg = Release|Any CPU
		{9955FCCB-37BC-4C7C-A78A-C3C0F0C989B2}.Release|x86.Build.0 = Release|Any CPU
	EndGlobalSection
	GlobalSection(SolutionProperties) = preSolution
		HideSolutionNode = FALSE
	EndGlobalSection
EndGlobal
